
Microsoft Visual Studio Solution File, Format Version 12.00
# Visual Studio 15
VisualStudioVersion = 15.0.26730.16
MinimumVisualStudioVersion = 10.0.40219.1
Project("{FAE04EC0-301F-11D3-BF4B-00C04F79EFBC}") = "CourseInfo", "CourseInfo\CourseInfo.csproj", "{6739E2F7-1472-4E2B-9AB8-FD585D0D0B9B}"
EndProject
Global
	GlobalSection(SolutionConfigurationPlatforms) = preSolution
		Debug|Any CPU = Debug|Any CPU
		Release|Any CPU = Release|Any CPU
	EndGlobalSection
	GlobalSection(ProjectConfigurationPlatforms) = postSolution
		{6739E2F7-1472-4E2B-9AB8-FD585D0D0B9B}.Debug|Any CPU.ActiveCfg = Debug|Any CPU
		{6739E2F7-1472-4E2B-9AB8-FD585D0D0B9B}.Debug|Any CPU.Build.0 = Debug|Any CPU
		{6739E2F7-1472-4E2B-9AB8-FD585D0D0B9B}.Release|Any CPU.ActiveCfg = Release|Any CPU
		{6739E2F7-1472-4E2B-9AB8-FD585D0D0B9B}.Release|Any CPU.Build.0 = Release|Any CPU
	EndGlobalSection
	GlobalSection(SolutionProperties) = preSolution
		HideSolutionNode = FALSE
	EndGlobalSection
	GlobalSection(ExtensibilityGlobals) = postSolution
		SolutionGuid = {8A8AAB78-F5E3-4BF2-B3F2-9AE985C92345}
	EndGlobalSection
EndGlobal
